
Microsoft Visual Studio Solution File, Format Version 12.00
# Visual Studio Version 17
VisualStudioVersion = 17.10.34928.147
MinimumVisualStudioVersion = 10.0.40219.1
Project("{FAE04EC0-301F-11D3-BF4B-00C04F79EFBC}") = "RockPaperScissorsMVC", "RockPaperScissorsMVC\RockPaperScissorsMVC.csproj", "{D2B1E829-39AB-4205-AC6A-338E03D1895D}"
EndProject
Global
	GlobalSection(SolutionConfigurationPlatforms) = preSolution
		Debug|Any CPU = Debug|Any CPU
		Release|Any CPU = Release|Any CPU
	EndGlobalSection
	GlobalSection(ProjectConfigurationPlatforms) = postSolution
		{D2B1E829-39AB-4205-AC6A-338E03D1895D}.Debug|Any CPU.ActiveCfg = Debug|Any CPU
		{D2B1E829-39AB-4205-AC6A-338E03D1895D}.Debug|Any CPU.Build.0 = Debug|Any CPU
		{D2B1E829-39AB-4205-AC6A-338E03D1895D}.Release|Any CPU.ActiveCfg = Release|Any CPU
		{D2B1E829-39AB-4205-AC6A-338E03D1895D}.Release|Any CPU.Build.0 = Release|Any CPU
	EndGlobalSection
	GlobalSection(SolutionProperties) = preSolution
		HideSolutionNode = FALSE
	EndGlobalSection
	GlobalSection(ExtensibilityGlobals) = postSolution
		SolutionGuid = {7EC8C938-1482-4A27-AE59-B67EF256C116}
	EndGlobalSection
EndGlobal
